// !$*UTF8*$!
{
	archiveVersion = 1;
	classes = {
	};
	objectVersion = 50;
	objects = {

/* Begin PBXBuildFile section */
		226E99C5235EA80A007AF95F /* AppDelegate.swift in Sources */ = {isa = PBXBuildFile; fileRef = 226E99C4235EA80A007AF95F /* AppDelegate.swift */; };
		226E99C7235EA80A007AF95F /* SceneDelegate.swift in Sources */ = {isa = PBXBuildFile; fileRef = 226E99C6235EA80A007AF95F /* SceneDelegate.swift */; };
		226E99C9235EA80A007AF95F /* ViewController.swift in Sources */ = {isa = PBXBuildFile; fileRef = 226E99C8235EA80A007AF95F /* ViewController.swift */; };
		226E99CC235EA80A007AF95F /* Main.storyboard in Resources */ = {isa = PBXBuildFile; fileRef = 226E99CA235EA80A007AF95F /* Main.storyboard */; };
		226E99CE235EA80C007AF95F /* Assets.xcassets in Resources */ = {isa = PBXBuildFile; fileRef = 226E99CD235EA80C007AF95F /* Assets.xcassets */; };
		226E99D1235EA80C007AF95F /* LaunchScreen.storyboard in Resources */ = {isa = PBXBuildFile; fileRef = 226E99CF235EA80C007AF95F /* LaunchScreen.storyboard */; };
		226E99D9235EA839007AF95F /* HttpRequest.swift in Sources */ = {isa = PBXBuildFile; fileRef = 226E99D8235EA839007AF95F /* HttpRequest.swift */; };
		226E99DB235EA91A007AF95F /* Constants.swift in Sources */ = {isa = PBXBuildFile; fileRef = 226E99DA235EA91A007AF95F /* Constants.swift */; };
		22E83B1C237DC7D0004014E8 /* Movie.swift in Sources */ = {isa = PBXBuildFile; fileRef = 22E83B1B237DC7D0004014E8 /* Movie.swift */; };
/* End PBXBuildFile section */

/* Begin PBXFileReference section */
		226E99C1235EA80A007AF95F /* CodeableAndDecodable.app */ = {isa = PBXFileReference; explicitFileType = wrapper.application; includeInIndex = 0; path = CodeableAndDecodable.app; sourceTree = BUILT_PRODUCTS_DIR; };
		226E99C4235EA80A007AF95F /* AppDelegate.swift */ = {isa = PBXFileReference; lastKnownFileType = sourcecode.swift; path = AppDelegate.swift; sourceTree = "<group>"; };
		226E99C6235EA80A007AF95F /* SceneDelegate.swift */ = {isa = PBXFileReference; lastKnownFileType = sourcecode.swift; path = SceneDelegate.swift; sourceTree = "<group>"; };
		226E99C8235EA80A007AF95F /* ViewController.swift */ = {isa = PBXFileReference; lastKnownFileType = sourcecode.swift; path = ViewController.swift; sourceTree = "<group>"; };
		226E99CB235EA80A007AF95F /* Base */ = {isa = PBXFileReference; lastKnownFileType = file.storyboard; name = Base; path = Base.lproj/Main.storyboard; sourceTree = "<group>"; };
		226E99CD235EA80C007AF95F /* Assets.xcassets */ = {isa = PBXFileReference; lastKnownFileType = folder.assetcatalog; path = Assets.xcassets; sourceTree = "<group>"; };
		226E99D0235EA80C007AF95F /* Base */ = {isa = PBXFileReference; lastKnownFileType = file.storyboard; name = Base; path = Base.lproj/LaunchScreen.storyboard; sourceTree = "<group>"; };
		226E99D2235EA80C007AF95F /* Info.plist */ = {isa = PBXFileReference; lastKnownFileType = text.plist.xml; path = Info.plist; sourceTree = "<group>"; };
		226E99D8235EA839007AF95F /* HttpRequest.swift */ = {isa = PBXFileReference; lastKnownFileType = sourcecode.swift; path = HttpRequest.swift; sourceTree = "<group>"; };
		226E99DA235EA91A007AF95F /* Constants.swift */ = {isa = PBXFileReference; lastKnownFileType = sourcecode.swift; path = Constants.swift; sourceTree = "<group>"; };
		22E83B1B237DC7D0004014E8 /* Movie.swift */ = {isa = PBXFileReference; lastKnownFileType = sourcecode.swift; path = Movie.swift; sourceTree = "<group>"; };
/* End PBXFileReference section */

/* Begin PBXFrameworksBuildPhase section */
		226E99BE235EA80A007AF95F /* Frameworks */ = {
			isa = PBXFrameworksBuildPhase;
			buildActionMask = 2147483647;
			files = (
			);
			runOnlyForDeploymentPostprocessing = 0;
		};
/* End PBXFrameworksBuildPhase section */

/* Begin PBXGroup section */
		226E99B8235EA80A007AF95F = {
			isa = PBXGroup;
			children = (
				226E99C3235EA80A007AF95F /* CodeableAndDecodable */,
				226E99C2235EA80A007AF95F /* Products */,
			);
			sourceTree = "<group>";
		};
		226E99C2235EA80A007AF95F /* Products */ = {
			isa = PBXGroup;
			children = (
				226E99C1235EA80A007AF95F /* CodeableAndDecodable.app */,
			);
			name = Products;
			sourceTree = "<group>";
		};
		226E99C3235EA80A007AF95F /* CodeableAndDecodable */ = {
			isa = PBXGroup;
			children = (
				226E99C4235EA80A007AF95F /* AppDelegate.swift */,
				226E99C6235EA80A007AF95F /* SceneDelegate.swift */,
				226E99C8235EA80A007AF95F /* ViewController.swift */,
				226E99CA235EA80A007AF95F /* Main.storyboard */,
				226E99CD235EA80C007AF95F /* Assets.xcassets */,
				226E99CF235EA80C007AF95F /* LaunchScreen.storyboard */,
				226E99D2235EA80C007AF95F /* Info.plist */,
				226E99D8235EA839007AF95F /* HttpRequest.swift */,
				226E99DA235EA91A007AF95F /* Constants.swift */,
				22E83B1B237DC7D0004014E8 /* Movie.swift */,
			);
			path = CodeableAndDecodable;
			sourceTree = "<group>";
		};
/* End PBXGroup section */

/* Begin PBXNativeTarget section */
		226E99C0235EA80A007AF95F /* CodeableAndDecodable */ = {
			isa = PBXNativeTarget;
			buildConfigurationList = 226E99D5235EA80C007AF95F /* Build configuration list for PBXNativeTarget "CodeableAndDecodable" */;
			buildPhases = (
				226E99BD235EA80A007AF95F /* Sources */,
				226E99BE235EA80A007AF95F /* Frameworks */,
				226E99BF235EA80A007AF95F /* Resources */,
			);
			buildRules = (
			);
			dependencies = (
			);
			name = CodeableAndDecodable;
			productName = CodeableAndDecodable;
			productReference = 226E99C1235EA80A007AF95F /* CodeableAndDecodable.app */;
			productType = "com.apple.product-type.application";
		};
/* End PBXNativeTarget section */

/* Begin PBXProject section */
		226E99B9235EA80A007AF95F /* Project object */ = {
			isa = PBXProject;
			attributes = {
				LastSwiftUpdateCheck = 1120;
				LastUpgradeCheck = 1120;
				ORGANIZATIONNAME = "Ravi Bastola";
				TargetAttributes = {
					226E99C0235EA80A007AF95F = {
						CreatedOnToolsVersion = 11.2;
					};
				};
			};
			buildConfigurationList = 226E99BC235EA80A007AF95F /* Build configuration list for PBXProject "CodeableAndDecodable" */;
			compatibilityVersion = "Xcode 9.3";
			developmentRegion = en;
			hasScannedForEncodings = 0;
			knownRegions = (
				en,
				Base,
			);
			mainGroup = 226E99B8235EA80A007AF95F;
			productRefGroup = 226E99C2235EA80A007AF95F /* Products */;
			projectDirPath = "";
			projectRoot = "";
			targets = (
				226E99C0235EA80A007AF95F /* CodeableAndDecodable */,
			);
		};
/* End PBXProject section */

/* Begin PBXResourcesBuildPhase section */
		226E99BF235EA80A007AF95F /* Resources */ = {
			isa = PBXResourcesBuildPhase;
			buildActionMask = 2147483647;
			files = (
				226E99D1235EA80C007AF95F /* LaunchScreen.storyboard in Resources */,
				226E99CE235EA80C007AF95F /* Assets.xcassets in Resources */,
				226E99CC235EA80A007AF95F /* Main.storyboard in Resources */,
			);
			runOnlyForDeploymentPostprocessing = 0;
		};
/* End PBXResourcesBuildPhase section */

/* Begin PBXSourcesBuildPhase section */
		226E99BD235EA80A007AF95F /* Sources */ = {
			isa = PBXSourcesBuildPhase;
			buildActionMask = 2147483647;
			files = (
				226E99DB235EA91A007AF95F /* Constants.swift in Sources */,
				226E99C9235EA80A007AF95F /* ViewController.swift in Sources */,
				22E83B1C237DC7D0004014E8 /* Movie.swift in Sources */,
				226E99D9235EA839007AF95F /* HttpRequest.swift in Sources */,
				226E99C5235EA80A007AF95F /* AppDelegate.swift in Sources */,
				226E99C7235EA80A007AF95F /* SceneDelegate.swift in Sources */,
			);
			runOnlyForDeploymentPostprocessing = 0;
		};
/* End PBXSourcesBuildPhase section */

/* Begin PBXVariantGroup section */
		226E99CA235EA80A007AF95F /* Main.storyboard */ = {
			isa = PBXVariantGroup;
			children = (
				226E99CB235EA80A007AF95F /* Base */,
			);
			name = Main.storyboard;
			sourceTree = "<group>";
		};
		226E99CF235EA80C007AF95F /* LaunchScreen.storyboard */ = {
			isa = PBXVariantGroup;
			children = (
				226E99D0235EA80C007AF95F /* Base */,
			);
			name = LaunchScreen.storyboard;
			sourceTree = "<group>";
		};
/* End PBXVariantGroup section */

/* Begin XCBuildConfiguration section */
		226E99D3235EA80C007AF95F /* Debug */ = {
			isa = XCBuildConfiguration;
			buildSettings = {
				ALWAYS_SEARCH_USER_PATHS = NO;
				CLANG_ANALYZER_NONNULL = YES;
				CLANG_ANALYZER_NUMBER_OBJECT_CONVERSION = YES_AGGRESSIVE;
				CLANG_CXX_LANGUAGE_STANDARD = "gnu++14";
				CLANG_CXX_LIBRARY = "libc++";
				CLANG_ENABLE_MODULES = YES;
				CLANG_ENABLE_OBJC_ARC = YES;
				CLANG_ENABLE_OBJC_WEAK = YES;
				CLANG_WARN_BLOCK_CAPTURE_AUTORELEASING = YES;
				CLANG_WARN_BOOL_CONVERSION = YES;
				CLANG_WARN_COMMA = YES;
				CLANG_WARN_CONSTANT_CONVERSION = YES;
				CLANG_WARN_DEPRECATED_OBJC_IMPLEMENTATIONS = YES;
				CLANG_WARN_DIRECT_OBJC_ISA_USAGE = YES_ERROR;
				CLANG_WARN_DOCUMENTATION_COMMENTS = YES;
				CLANG_WARN_EMPTY_BODY = YES;
				CLANG_WARN_ENUM_CONVERSION = YES;
				CLANG_WARN_INFINITE_RECURSION = YES;
				CLANG_WARN_INT_CONVERSION = YES;
				CLANG_WARN_NON_LITERAL_NULL_CONVERSION = YES;
				CLANG_WARN_OBJC_IMPLICIT_RETAIN_SELF = YES;
				CLANG_WARN_OBJC_LITERAL_CONVERSION = YES;
				CLANG_WARN_OBJC_ROOT_CLASS = YES_ERROR;
				CLANG_WARN_RANGE_LOOP_ANALYSIS = YES;
				CLANG_WARN_STRICT_PROTOTYPES = YES;
				CLANG_WARN_SUSPICIOUS_MOVE = YES;
				CLANG_WARN_UNGUARDED_AVAILABILITY = YES_AGGRESSIVE;
				CLANG_WARN_UNREACHABLE_CODE = YES;
				CLANG_WARN__DUPLICATE_METHOD_MATCH = YES;
				COPY_PHASE_STRIP = NO;
				DEBUG_INFORMATION_FORMAT = dwarf;
				ENABLE_STRICT_OBJC_MSGSEND = YES;
				ENABLE_TESTABILITY = YES;
				GCC_C_LANGUAGE_STANDARD = gnu11;
				GCC_DYNAMIC_NO_PIC = NO;
				GCC_NO_COMMON_BLOCKS = YES;
				GCC_OPTIMIZATION_LEVEL = 0;
				GCC_PREPROCESSOR_DEFINITIONS = (
					"DEBUG=1",
					"$(inherited)",
				);
				GCC_WARN_64_TO_32_BIT_CONVERSION = YES;
				GCC_WARN_ABOUT_RETURN_TYPE = YES_ERROR;
				GCC_WARN_UNDECLARED_SELECTOR = YES;
				GCC_WARN_UNINITIALIZED_AUTOS = YES_AGGRESSIVE;
				GCC_WARN_UNUSED_FUNCTION = YES;
				GCC_WARN_UNUSED_VARIABLE = YES;
				IPHONEOS_DEPLOYMENT_TARGET = 13.2;
				MTL_ENABLE_DEBUG_INFO = INCLUDE_SOURCE;
				MTL_FAST_MATH = YES;
				ONLY_ACTIVE_ARCH = YES;
				SDKROOT = iphoneos;
				SWIFT_ACTIVE_COMPILATION_CONDITIONS = DEBUG;
				SWIFT_OPTIMIZATION_LEVEL = "-Onone";
			};
			name = Debug;
		};
		226E99D4235EA80C007AF95F /* Release */ = {
			isa = XCBuildConfiguration;
			buildSettings = {
				ALWAYS_SEARCH_USER_PATHS = NO;
				CLANG_ANALYZER_NONNULL = YES;
				CLANG_ANALYZER_NUMBER_OBJECT_CONVERSION = YES_AGGRESSIVE;
				CLANG_CXX_LANGUAGE_STANDARD = "gnu++14";
				CLANG_CXX_LIBRARY = "libc++";
				CLANG_ENABLE_MODULES = YES;
				CLANG_ENABLE_OBJC_ARC = YES;
				CLANG_ENABLE_OBJC_WEAK = YES;
				CLANG_WARN_BLOCK_CAPTURE_AUTORELEASING = YES;
				CLANG_WARN_BOOL_CONVERSION = YES;
				CLANG_WARN_COMMA = YES;
				CLANG_WARN_CONSTANT_CONVERSION = YES;
				CLANG_WARN_DEPRECATED_OBJC_IMPLEMENTATIONS = YES;
				CLANG_WARN_DIRECT_OBJC_ISA_USAGE = YES_ERROR;
				CLANG_WARN_DOCUMENTATION_COMMENTS = YES;
				CLANG_WARN_EMPTY_BODY = YES;
				CLANG_WARN_ENUM_CONVERSION = YES;
				CLANG_WARN_INFINITE_RECURSION = YES;
				CLANG_WARN_INT_CONVERSION = YES;
				CLANG_WARN_NON_LITERAL_NULL_CONVERSION = YES;
				CLANG_WARN_OBJC_IMPLICIT_RETAIN_SELF = YES;
				CLANG_WARN_OBJC_LITERAL_CONVERSION = YES;
				CLANG_WARN_OBJC_ROOT_CLASS = YES_ERROR;
				CLANG_WARN_RANGE_LOOP_ANALYSIS = YES;
				CLANG_WARN_STRICT_PROTOTYPES = YES;
				CLANG_WARN_SUSPICIOUS_MOVE = YES;
				CLANG_WARN_UNGUARDED_AVAILABILITY = YES_AGGRESSIVE;
				CLANG_WARN_UNREACHABLE_CODE = YES;
				CLANG_WARN__DUPLICATE_METHOD_MATCH = YES;
				COPY_PHASE_STRIP = NO;
				DEBUG_INFORMATION_FORMAT = "dwarf-with-dsym";
				ENABLE_NS_ASSERTIONS = NO;
				ENABLE_STRICT_OBJC_MSGSEND = YES;
				GCC_C_LANGUAGE_STANDARD = gnu11;
				GCC_NO_COMMON_BLOCKS = YES;
				GCC_WARN_64_TO_32_BIT_CONVERSION = YES;
				GCC_WARN_ABOUT_RETURN_TYPE = YES_ERROR;
				GCC_WARN_UNDECLARED_SELECTOR = YES;
				GCC_WARN_UNINITIALIZED_AUTOS = YES_AGGRESSIVE;
				GCC_WARN_UNUSED_FUNCTION = YES;
				GCC_WARN_UNUSED_VARIABLE = YES;
				IPHONEOS_DEPLOYMENT_TARGET = 13.2;
				MTL_ENABLE_DEBUG_INFO = NO;
				MTL_FAST_MATH = YES;
				SDKROOT = iphoneos;
				SWIFT_COMPILATION_MODE = wholemodule;
				SWIFT_OPTIMIZATION_LEVEL = "-O";
				VALIDATE_PRODUCT = YES;
			};
			name = Release;
		};
		226E99D6235EA80C007AF95F /* Debug */ = {
			isa = XCBuildConfiguration;
			buildSettings = {
				ASSETCATALOG_COMPILER_APPICON_NAME = AppIcon;
				CODE_SIGN_STYLE = Automatic;
				INFOPLIST_FILE = CodeableAndDecodable/Info.plist;
				LD_RUNPATH_SEARCH_PATHS = (
					"$(inherited)",
					"@executable_path/Frameworks",
				);
				PRODUCT_BUNDLE_IDENTIFIER = ravi.CodeableAndDecodable;
				PRODUCT_NAME = "$(TARGET_NAME)";
				SWIFT_VERSION = 5.0;
				TARGETED_DEVICE_FAMILY = "1,2";
			};
			name = Debug;
		};
		226E99D7235EA80C007AF95F /* Release */ = {
			isa = XCBuildConfiguration;
			buildSettings = {
				ASSETCATALOG_COMPILER_APPICON_NAME = AppIcon;
				CODE_SIGN_STYLE = Automatic;
				INFOPLIST_FILE = CodeableAndDecodable/Info.plist;
				LD_RUNPATH_SEARCH_PATHS = (
					"$(inherited)",
					"@executable_path/Frameworks",
				);
				PRODUCT_BUNDLE_IDENTIFIER = ravi.CodeableAndDecodable;
				PRODUCT_NAME = "$(TARGET_NAME)";
				SWIFT_VERSION = 5.0;
				TARGETED_DEVICE_FAMILY = "1,2";
			};
			name = Release;
		};
/* End XCBuildConfiguration section */

/* Begin XCConfigurationList section */
		226E99BC235EA80A007AF95F /* Build configuration list for PBXProject "CodeableAndDecodable" */ = {
			isa = XCConfigurationList;
			buildConfigurations = (
				226E99D3235EA80C007AF95F /* Debug */,
				226E99D4235EA80C007AF95F /* Release */,
			);
			defaultConfigurationIsVisible = 0;
			defaultConfigurationName = Release;
		};
		226E99D5235EA80C007AF95F /* Build configuration list for PBXNativeTarget "CodeableAndDecodable" */ = {
			isa = XCConfigurationList;
			buildConfigurations = (
				226E99D6235EA80C007AF95F /* Debug */,
				226E99D7235EA80C007AF95F /* Release */,
			);
			defaultConfigurationIsVisible = 0;
			defaultConfigurationName = Release;
		};
/* End XCConfigurationList section */
	};
	rootObject = 226E99B9235EA80A007AF95F /* Project object */;
}
